// !$*UTF8*$!
{
	archiveVersion = 1;
	classes = {
	};
	objectVersion = 50;
	objects = {

/* Begin PBXBuildFile section */
		7DF21C7A24770D3900694961 /* AppDelegate.swift in Sources */ = {isa = PBXBuildFile; fileRef = 7DF21C7924770D3900694961 /* AppDelegate.swift */; };
		7DF21C7F24770D3900694961 /* Main.storyboard in Resources */ = {isa = PBXBuildFile; fileRef = 7DF21C7D24770D3900694961 /* Main.storyboard */; };
		7DF21C8124770D3900694961 /* Assets.xcassets in Resources */ = {isa = PBXBuildFile; fileRef = 7DF21C8024770D3900694961 /* Assets.xcassets */; };
		7DF21C8424770D3900694961 /* LaunchScreen.storyboard in Resources */ = {isa = PBXBuildFile; fileRef = 7DF21C8224770D3900694961 /* LaunchScreen.storyboard */; };
		7DF21C8C24770ED400694961 /* TableViewController.swift in Sources */ = {isa = PBXBuildFile; fileRef = 7DF21C8B24770ED400694961 /* TableViewController.swift */; };
		7DF21C8E2477107A00694961 /* Secciones.swift in Sources */ = {isa = PBXBuildFile; fileRef = 7DF21C8D2477107A00694961 /* Secciones.swift */; };
		7DF21C902477117900694961 /* ModeloDatos.swift in Sources */ = {isa = PBXBuildFile; fileRef = 7DF21C8F2477117900694961 /* ModeloDatos.swift */; };
/* End PBXBuildFile section */

/* Begin PBXFileReference section */
		7DF21C7624770D3900694961 /* TableViewGrouped.app */ = {isa = PBXFileReference; explicitFileType = wrapper.application; includeInIndex = 0; path = TableViewGrouped.app; sourceTree = BUILT_PRODUCTS_DIR; };
		7DF21C7924770D3900694961 /* AppDelegate.swift */ = {isa = PBXFileReference; lastKnownFileType = sourcecode.swift; path = AppDelegate.swift; sourceTree = "<group>"; };
		7DF21C7E24770D3900694961 /* Base */ = {isa = PBXFileReference; lastKnownFileType = file.storyboard; name = Base; path = Base.lproj/Main.storyboard; sourceTree = "<group>"; };
		7DF21C8024770D3900694961 /* Assets.xcassets */ = {isa = PBXFileReference; lastKnownFileType = folder.assetcatalog; path = Assets.xcassets; sourceTree = "<group>"; };
		7DF21C8324770D3900694961 /* Base */ = {isa = PBXFileReference; lastKnownFileType = file.storyboard; name = Base; path = Base.lproj/LaunchScreen.storyboard; sourceTree = "<group>"; };
		7DF21C8524770D3900694961 /* Info.plist */ = {isa = PBXFileReference; lastKnownFileType = text.plist.xml; path = Info.plist; sourceTree = "<group>"; };
		7DF21C8B24770ED400694961 /* TableViewController.swift */ = {isa = PBXFileReference; lastKnownFileType = sourcecode.swift; path = TableViewController.swift; sourceTree = "<group>"; };
		7DF21C8D2477107A00694961 /* Secciones.swift */ = {isa = PBXFileReference; lastKnownFileType = sourcecode.swift; path = Secciones.swift; sourceTree = "<group>"; };
		7DF21C8F2477117900694961 /* ModeloDatos.swift */ = {isa = PBXFileReference; lastKnownFileType = sourcecode.swift; path = ModeloDatos.swift; sourceTree = "<group>"; };
/* End PBXFileReference section */

/* Begin PBXFrameworksBuildPhase section */
		7DF21C7324770D3900694961 /* Frameworks */ = {
			isa = PBXFrameworksBuildPhase;
			buildActionMask = 2147483647;
			files = (
			);
			runOnlyForDeploymentPostprocessing = 0;
		};
/* End PBXFrameworksBuildPhase section */

/* Begin PBXGroup section */
		7DF21C6D24770D3900694961 = {
			isa = PBXGroup;
			children = (
				7DF21C7824770D3900694961 /* TableViewGrouped */,
				7DF21C7724770D3900694961 /* Products */,
			);
			sourceTree = "<group>";
		};
		7DF21C7724770D3900694961 /* Products */ = {
			isa = PBXGroup;
			children = (
				7DF21C7624770D3900694961 /* TableViewGrouped.app */,
			);
			name = Products;
			sourceTree = "<group>";
		};
		7DF21C7824770D3900694961 /* TableViewGrouped */ = {
			isa = PBXGroup;
			children = (
				7DF21C7924770D3900694961 /* AppDelegate.swift */,
				7DF21C7D24770D3900694961 /* Main.storyboard */,
				7DF21C8D2477107A00694961 /* Secciones.swift */,
				7DF21C8F2477117900694961 /* ModeloDatos.swift */,
				7DF21C8024770D3900694961 /* Assets.xcassets */,
				7DF21C8224770D3900694961 /* LaunchScreen.storyboard */,
				7DF21C8524770D3900694961 /* Info.plist */,
				7DF21C8B24770ED400694961 /* TableViewController.swift */,
			);
			path = TableViewGrouped;
			sourceTree = "<group>";
		};
/* End PBXGroup section */

/* Begin PBXNativeTarget section */
		7DF21C7524770D3900694961 /* TableViewGrouped */ = {
			isa = PBXNativeTarget;
			buildConfigurationList = 7DF21C8824770D3900694961 /* Build configuration list for PBXNativeTarget "TableViewGrouped" */;
			buildPhases = (
				7DF21C7224770D3900694961 /* Sources */,
				7DF21C7324770D3900694961 /* Frameworks */,
				7DF21C7424770D3900694961 /* Resources */,
			);
			buildRules = (
			);
			dependencies = (
			);
			name = TableViewGrouped;
			productName = TableViewGrouped;
			productReference = 7DF21C7624770D3900694961 /* TableViewGrouped.app */;
			productType = "com.apple.product-type.application";
		};
/* End PBXNativeTarget section */

/* Begin PBXProject section */
		7DF21C6E24770D3900694961 /* Project object */ = {
			isa = PBXProject;
			attributes = {
				LastSwiftUpdateCheck = 1010;
				LastUpgradeCheck = 1010;
				ORGANIZATIONNAME = Tecsup;
				TargetAttributes = {
					7DF21C7524770D3900694961 = {
						CreatedOnToolsVersion = 10.1;
					};
				};
			};
			buildConfigurationList = 7DF21C7124770D3900694961 /* Build configuration list for PBXProject "TableViewGrouped" */;
			compatibilityVersion = "Xcode 9.3";
			developmentRegion = en;
			hasScannedForEncodings = 0;
			knownRegions = (
				en,
				Base,
			);
			mainGroup = 7DF21C6D24770D3900694961;
			productRefGroup = 7DF21C7724770D3900694961 /* Products */;
			projectDirPath = "";
			projectRoot = "";
			targets = (
				7DF21C7524770D3900694961 /* TableViewGrouped */,
			);
		};
/* End PBXProject section */

/* Begin PBXResourcesBuildPhase section */
		7DF21C7424770D3900694961 /* Resources */ = {
			isa = PBXResourcesBuildPhase;
			buildActionMask = 2147483647;
			files = (
				7DF21C8424770D3900694961 /* LaunchScreen.storyboard in Resources */,
				7DF21C8124770D3900694961 /* Assets.xcassets in Resources */,
				7DF21C7F24770D3900694961 /* Main.storyboard in Resources */,
			);
			runOnlyForDeploymentPostprocessing = 0;
		};
/* End PBXResourcesBuildPhase section */

/* Begin PBXSourcesBuildPhase section */
		7DF21C7224770D3900694961 /* Sources */ = {
			isa = PBXSourcesBuildPhase;
			buildActionMask = 2147483647;
			files = (
				7DF21C8E2477107A00694961 /* Secciones.swift in Sources */,
				7DF21C7A24770D3900694961 /* AppDelegate.swift in Sources */,
				7DF21C8C24770ED400694961 /* TableViewController.swift in Sources */,
				7DF21C902477117900694961 /* ModeloDatos.swift in Sources */,
			);
			runOnlyForDeploymentPostprocessing = 0;
		};
/* End PBXSourcesBuildPhase section */

/* Begin PBXVariantGroup section */
		7DF21C7D24770D3900694961 /* Main.storyboard */ = {
			isa = PBXVariantGroup;
			children = (
				7DF21C7E24770D3900694961 /* Base */,
			);
			name = Main.storyboard;
			sourceTree = "<group>";
		};
		7DF21C8224770D3900694961 /* LaunchScreen.storyboard */ = {
			isa = PBXVariantGroup;
			children = (
				7DF21C8324770D3900694961 /* Base */,
			);
			name = LaunchScreen.storyboard;
			sourceTree = "<group>";
		};
/* End PBXVariantGroup section */

/* Begin XCBuildConfiguration section */
		7DF21C8624770D3900694961 /* Debug */ = {
			isa = XCBuildConfiguration;
			buildSettings = {
				ALWAYS_SEARCH_USER_PATHS = NO;
				CLANG_ANALYZER_NONNULL = YES;
				CLANG_ANALYZER_NUMBER_OBJECT_CONVERSION = YES_AGGRESSIVE;
				CLANG_CXX_LANGUAGE_STANDARD = "gnu++14";
				CLANG_CXX_LIBRARY = "libc++";
				CLANG_ENABLE_MODULES = YES;
				CLANG_ENABLE_OBJC_ARC = YES;
				CLANG_ENABLE_OBJC_WEAK = YES;
				CLANG_WARN_BLOCK_CAPTURE_AUTORELEASING = YES;
				CLANG_WARN_BOOL_CONVERSION = YES;
				CLANG_WARN_COMMA = YES;
				CLANG_WARN_CONSTANT_CONVERSION = YES;
				CLANG_WARN_DEPRECATED_OBJC_IMPLEMENTATIONS = YES;
				CLANG_WARN_DIRECT_OBJC_ISA_USAGE = YES_ERROR;
				CLANG_WARN_DOCUMENTATION_COMMENTS = YES;
				CLANG_WARN_EMPTY_BODY = YES;
				CLANG_WARN_ENUM_CONVERSION = YES;
				CLANG_WARN_INFINITE_RECURSION = YES;
				CLANG_WARN_INT_CONVERSION = YES;
				CLANG_WARN_NON_LITERAL_NULL_CONVERSION = YES;
				CLANG_WARN_OBJC_IMPLICIT_RETAIN_SELF = YES;
				CLANG_WARN_OBJC_LITERAL_CONVERSION = YES;
				CLANG_WARN_OBJC_ROOT_CLASS = YES_ERROR;
				CLANG_WARN_RANGE_LOOP_ANALYSIS = YES;
				CLANG_WARN_STRICT_PROTOTYPES = YES;
				CLANG_WARN_SUSPICIOUS_MOVE = YES;
				CLANG_WARN_UNGUARDED_AVAILABILITY = YES_AGGRESSIVE;
				CLANG_WARN_UNREACHABLE_CODE = YES;
				CLANG_WARN__DUPLICATE_METHOD_MATCH = YES;
				CODE_SIGN_IDENTITY = "iPhone Developer";
				COPY_PHASE_STRIP = NO;
				DEBUG_INFORMATION_FORMAT = dwarf;
				ENABLE_STRICT_OBJC_MSGSEND = YES;
				ENABLE_TESTABILITY = YES;
				GCC_C_LANGUAGE_STANDARD = gnu11;
				GCC_DYNAMIC_NO_PIC = NO;
				GCC_NO_COMMON_BLOCKS = YES;
				GCC_OPTIMIZATION_LEVEL = 0;
				GCC_PREPROCESSOR_DEFINITIONS = (
					"DEBUG=1",
					"$(inherited)",
				);
				GCC_WARN_64_TO_32_BIT_CONVERSION = YES;
				GCC_WARN_ABOUT_RETURN_TYPE = YES_ERROR;
				GCC_WARN_UNDECLARED_SELECTOR = YES;
				GCC_WARN_UNINITIALIZED_AUTOS = YES_AGGRESSIVE;
				GCC_WARN_UNUSED_FUNCTION = YES;
				GCC_WARN_UNUSED_VARIABLE = YES;
				IPHONEOS_DEPLOYMENT_TARGET = 12.1;
				MTL_ENABLE_DEBUG_INFO = INCLUDE_SOURCE;
				MTL_FAST_MATH = YES;
				ONLY_ACTIVE_ARCH = YES;
				SDKROOT = iphoneos;
				SWIFT_ACTIVE_COMPILATION_CONDITIONS = DEBUG;
				SWIFT_OPTIMIZATION_LEVEL = "-Onone";
			};
			name = Debug;
		};
		7DF21C8724770D3900694961 /* Release */ = {
			isa = XCBuildConfiguration;
			buildSettings = {
				ALWAYS_SEARCH_USER_PATHS = NO;
				CLANG_ANALYZER_NONNULL = YES;
				CLANG_ANALYZER_NUMBER_OBJECT_CONVERSION = YES_AGGRESSIVE;
				CLANG_CXX_LANGUAGE_STANDARD = "gnu++14";
				CLANG_CXX_LIBRARY = "libc++";
				CLANG_ENABLE_MODULES = YES;
				CLANG_ENABLE_OBJC_ARC = YES;
				CLANG_ENABLE_OBJC_WEAK = YES;
				CLANG_WARN_BLOCK_CAPTURE_AUTORELEASING = YES;
				CLANG_WARN_BOOL_CONVERSION = YES;
				CLANG_WARN_COMMA = YES;
				CLANG_WARN_CONSTANT_CONVERSION = YES;
				CLANG_WARN_DEPRECATED_OBJC_IMPLEMENTATIONS = YES;
				CLANG_WARN_DIRECT_OBJC_ISA_USAGE = YES_ERROR;
				CLANG_WARN_DOCUMENTATION_COMMENTS = YES;
				CLANG_WARN_EMPTY_BODY = YES;
				CLANG_WARN_ENUM_CONVERSION = YES;
				CLANG_WARN_INFINITE_RECURSION = YES;
				CLANG_WARN_INT_CONVERSION = YES;
				CLANG_WARN_NON_LITERAL_NULL_CONVERSION = YES;
				CLANG_WARN_OBJC_IMPLICIT_RETAIN_SELF = YES;
				CLANG_WARN_OBJC_LITERAL_CONVERSION = YES;
				CLANG_WARN_OBJC_ROOT_CLASS = YES_ERROR;
				CLANG_WARN_RANGE_LOOP_ANALYSIS = YES;
				CLANG_WARN_STRICT_PROTOTYPES = YES;
				CLANG_WARN_SUSPICIOUS_MOVE = YES;
				CLANG_WARN_UNGUARDED_AVAILABILITY = YES_AGGRESSIVE;
				CLANG_WARN_UNREACHABLE_CODE = YES;
				CLANG_WARN__DUPLICATE_METHOD_MATCH = YES;
				CODE_SIGN_IDENTITY = "iPhone Developer";
				COPY_PHASE_STRIP = NO;
				DEBUG_INFORMATION_FORMAT = "dwarf-with-dsym";
				ENABLE_NS_ASSERTIONS = NO;
				ENABLE_STRICT_OBJC_MSGSEND = YES;
				GCC_C_LANGUAGE_STANDARD = gnu11;
				GCC_NO_COMMON_BLOCKS = YES;
				GCC_WARN_64_TO_32_BIT_CONVERSION = YES;
				GCC_WARN_ABOUT_RETURN_TYPE = YES_ERROR;
				GCC_WARN_UNDECLARED_SELECTOR = YES;
				GCC_WARN_UNINITIALIZED_AUTOS = YES_AGGRESSIVE;
				GCC_WARN_UNUSED_FUNCTION = YES;
				GCC_WARN_UNUSED_VARIABLE = YES;
				IPHONEOS_DEPLOYMENT_TARGET = 12.1;
				MTL_ENABLE_DEBUG_INFO = NO;
				MTL_FAST_MATH = YES;
				SDKROOT = iphoneos;
				SWIFT_COMPILATION_MODE = wholemodule;
				SWIFT_OPTIMIZATION_LEVEL = "-O";
				VALIDATE_PRODUCT = YES;
			};
			name = Release;
		};
		7DF21C8924770D3900694961 /* Debug */ = {
			isa = XCBuildConfiguration;
			buildSettings = {
				ASSETCATALOG_COMPILER_APPICON_NAME = AppIcon;
				CODE_SIGN_STYLE = Automatic;
				INFOPLIST_FILE = TableViewGrouped/Info.plist;
				LD_RUNPATH_SEARCH_PATHS = (
					"$(inherited)",
					"@executable_path/Frameworks",
				);
				PRODUCT_BUNDLE_IDENTIFIER = com.tecsup.TableViewGrouped;
				PRODUCT_NAME = "$(TARGET_NAME)";
				SWIFT_VERSION = 4.2;
				TARGETED_DEVICE_FAMILY = "1,2";
			};
			name = Debug;
		};
		7DF21C8A24770D3900694961 /* Release */ = {
			isa = XCBuildConfiguration;
			buildSettings = {
				ASSETCATALOG_COMPILER_APPICON_NAME = AppIcon;
				CODE_SIGN_STYLE = Automatic;
				INFOPLIST_FILE = TableViewGrouped/Info.plist;
				LD_RUNPATH_SEARCH_PATHS = (
					"$(inherited)",
					"@executable_path/Frameworks",
				);
				PRODUCT_BUNDLE_IDENTIFIER = com.tecsup.TableViewGrouped;
				PRODUCT_NAME = "$(TARGET_NAME)";
				SWIFT_VERSION = 4.2;
				TARGETED_DEVICE_FAMILY = "1,2";
			};
			name = Release;
		};
/* End XCBuildConfiguration section */

/* Begin XCConfigurationList section */
		7DF21C7124770D3900694961 /* Build configuration list for PBXProject "TableViewGrouped" */ = {
			isa = XCConfigurationList;
			buildConfigurations = (
				7DF21C8624770D3900694961 /* Debug */,
				7DF21C8724770D3900694961 /* Release */,
			);
			defaultConfigurationIsVisible = 0;
			defaultConfigurationName = Release;
		};
		7DF21C8824770D3900694961 /* Build configuration list for PBXNativeTarget "TableViewGrouped" */ = {
			isa = XCConfigurationList;
			buildConfigurations = (
				7DF21C8924770D3900694961 /* Debug */,
				7DF21C8A24770D3900694961 /* Release */,
			);
			defaultConfigurationIsVisible = 0;
			defaultConfigurationName = Release;
		};
/* End XCConfigurationList section */
	};
	rootObject = 7DF21C6E24770D3900694961 /* Project object */;
}
